// !$*UTF8*$!
{
	archiveVersion = 1;
	classes = {
	};
	objectVersion = 55;
	objects = {

/* Begin PBXBuildFile section */
		5A741FEF274D583D0046D407 /* universitiesApp.swift in Sources */ = {isa = PBXBuildFile; fileRef = 5A741FEE274D583D0046D407 /* universitiesApp.swift */; };
		5A741FF1274D583D0046D407 /* ContentView.swift in Sources */ = {isa = PBXBuildFile; fileRef = 5A741FF0274D583D0046D407 /* ContentView.swift */; };
		5A741FF3274D583E0046D407 /* Assets.xcassets in Resources */ = {isa = PBXBuildFile; fileRef = 5A741FF2274D583E0046D407 /* Assets.xcassets */; };
		5A741FF6274D583E0046D407 /* Preview Assets.xcassets in Resources */ = {isa = PBXBuildFile; fileRef = 5A741FF5274D583E0046D407 /* Preview Assets.xcassets */; };
		5A742000274D583E0046D407 /* universitiesTests.swift in Sources */ = {isa = PBXBuildFile; fileRef = 5A741FFF274D583E0046D407 /* universitiesTests.swift */; };
		5A74200A274D583E0046D407 /* universitiesUITests.swift in Sources */ = {isa = PBXBuildFile; fileRef = 5A742009274D583E0046D407 /* universitiesUITests.swift */; };
		5A74200C274D583E0046D407 /* universitiesUITestsLaunchTests.swift in Sources */ = {isa = PBXBuildFile; fileRef = 5A74200B274D583E0046D407 /* universitiesUITestsLaunchTests.swift */; };
		5A74201E274D663E0046D407 /* AppTargetType.swift in Sources */ = {isa = PBXBuildFile; fileRef = 5A74201D274D663E0046D407 /* AppTargetType.swift */; };
		5A742021274D66A20046D407 /* NetworkProvider.swift in Sources */ = {isa = PBXBuildFile; fileRef = 5A742020274D66A20046D407 /* NetworkProvider.swift */; };
		5A742023274D67F10046D407 /* UniversityDTO.swift in Sources */ = {isa = PBXBuildFile; fileRef = 5A742022274D67F10046D407 /* UniversityDTO.swift */; };
		5A74202A274D6CF20046D407 /* UniversityService.swift in Sources */ = {isa = PBXBuildFile; fileRef = 5A742029274D6CF20046D407 /* UniversityService.swift */; };
		5A74202D274D6D4B0046D407 /* UniversitiesProvider.swift in Sources */ = {isa = PBXBuildFile; fileRef = 5A74202C274D6D4B0046D407 /* UniversitiesProvider.swift */; };
		5A742030274D6E290046D407 /* CoreApp.swift in Sources */ = {isa = PBXBuildFile; fileRef = 5A74202F274D6E290046D407 /* CoreApp.swift */; };
		5A742032274D6E630046D407 /* NetworkSettings.swift in Sources */ = {isa = PBXBuildFile; fileRef = 5A742031274D6E630046D407 /* NetworkSettings.swift */; };
		5A742038274D71CA0046D407 /* UniversitiesViewModel.swift in Sources */ = {isa = PBXBuildFile; fileRef = 5A742037274D71CA0046D407 /* UniversitiesViewModel.swift */; };
		5A9B3695274DAAAD00A8C571 /* AppError.swift in Sources */ = {isa = PBXBuildFile; fileRef = 5A9B3694274DAAAD00A8C571 /* AppError.swift */; };
		5AB21396274DADBA007E617B /* CancelBag.swift in Sources */ = {isa = PBXBuildFile; fileRef = 5AB21395274DADBA007E617B /* CancelBag.swift */; };
/* End PBXBuildFile section */

/* Begin PBXContainerItemProxy section */
		5A741FFC274D583E0046D407 /* PBXContainerItemProxy */ = {
			isa = PBXContainerItemProxy;
			containerPortal = 5A741FE3274D583D0046D407 /* Project object */;
			proxyType = 1;
			remoteGlobalIDString = 5A741FEA274D583D0046D407;
			remoteInfo = universities;
		};
		5A742006274D583E0046D407 /* PBXContainerItemProxy */ = {
			isa = PBXContainerItemProxy;
			containerPortal = 5A741FE3274D583D0046D407 /* Project object */;
			proxyType = 1;
			remoteGlobalIDString = 5A741FEA274D583D0046D407;
			remoteInfo = universities;
		};
/* End PBXContainerItemProxy section */

/* Begin PBXFileReference section */
		5A741FEB274D583D0046D407 /* universities.app */ = {isa = PBXFileReference; explicitFileType = wrapper.application; includeInIndex = 0; path = universities.app; sourceTree = BUILT_PRODUCTS_DIR; };
		5A741FEE274D583D0046D407 /* universitiesApp.swift */ = {isa = PBXFileReference; lastKnownFileType = sourcecode.swift; path = universitiesApp.swift; sourceTree = "<group>"; };
		5A741FF0274D583D0046D407 /* ContentView.swift */ = {isa = PBXFileReference; lastKnownFileType = sourcecode.swift; path = ContentView.swift; sourceTree = "<group>"; };
		5A741FF2274D583E0046D407 /* Assets.xcassets */ = {isa = PBXFileReference; lastKnownFileType = folder.assetcatalog; path = Assets.xcassets; sourceTree = "<group>"; };
		5A741FF5274D583E0046D407 /* Preview Assets.xcassets */ = {isa = PBXFileReference; lastKnownFileType = folder.assetcatalog; path = "Preview Assets.xcassets"; sourceTree = "<group>"; };
		5A741FFB274D583E0046D407 /* universitiesTests.xctest */ = {isa = PBXFileReference; explicitFileType = wrapper.cfbundle; includeInIndex = 0; path = universitiesTests.xctest; sourceTree = BUILT_PRODUCTS_DIR; };
		5A741FFF274D583E0046D407 /* universitiesTests.swift */ = {isa = PBXFileReference; lastKnownFileType = sourcecode.swift; path = universitiesTests.swift; sourceTree = "<group>"; };
		5A742005274D583E0046D407 /* universitiesUITests.xctest */ = {isa = PBXFileReference; explicitFileType = wrapper.cfbundle; includeInIndex = 0; path = universitiesUITests.xctest; sourceTree = BUILT_PRODUCTS_DIR; };
		5A742009274D583E0046D407 /* universitiesUITests.swift */ = {isa = PBXFileReference; lastKnownFileType = sourcecode.swift; path = universitiesUITests.swift; sourceTree = "<group>"; };
		5A74200B274D583E0046D407 /* universitiesUITestsLaunchTests.swift */ = {isa = PBXFileReference; lastKnownFileType = sourcecode.swift; path = universitiesUITestsLaunchTests.swift; sourceTree = "<group>"; };
		5A74201D274D663E0046D407 /* AppTargetType.swift */ = {isa = PBXFileReference; lastKnownFileType = sourcecode.swift; path = AppTargetType.swift; sourceTree = "<group>"; };
		5A742020274D66A20046D407 /* NetworkProvider.swift */ = {isa = PBXFileReference; lastKnownFileType = sourcecode.swift; path = NetworkProvider.swift; sourceTree = "<group>"; };
		5A742022274D67F10046D407 /* UniversityDTO.swift */ = {isa = PBXFileReference; lastKnownFileType = sourcecode.swift; path = UniversityDTO.swift; sourceTree = "<group>"; };
		5A742029274D6CF20046D407 /* UniversityService.swift */ = {isa = PBXFileReference; lastKnownFileType = sourcecode.swift; path = UniversityService.swift; sourceTree = "<group>"; };
		5A74202C274D6D4B0046D407 /* UniversitiesProvider.swift */ = {isa = PBXFileReference; lastKnownFileType = sourcecode.swift; path = UniversitiesProvider.swift; sourceTree = "<group>"; };
		5A74202F274D6E290046D407 /* CoreApp.swift */ = {isa = PBXFileReference; lastKnownFileType = sourcecode.swift; path = CoreApp.swift; sourceTree = "<group>"; };
		5A742031274D6E630046D407 /* NetworkSettings.swift */ = {isa = PBXFileReference; lastKnownFileType = sourcecode.swift; path = NetworkSettings.swift; sourceTree = "<group>"; };
		5A742034274D6EE70046D407 /* develop.xcconfig */ = {isa = PBXFileReference; lastKnownFileType = text.xcconfig; path = develop.xcconfig; sourceTree = "<group>"; };
		5A742037274D71CA0046D407 /* UniversitiesViewModel.swift */ = {isa = PBXFileReference; lastKnownFileType = sourcecode.swift; path = UniversitiesViewModel.swift; sourceTree = "<group>"; };
		5A74203D274DA62F0046D407 /* Info.plist */ = {isa = PBXFileReference; lastKnownFileType = text.plist; path = Info.plist; sourceTree = "<group>"; };
		5A9B3694274DAAAD00A8C571 /* AppError.swift */ = {isa = PBXFileReference; lastKnownFileType = sourcecode.swift; path = AppError.swift; sourceTree = "<group>"; };
		5AB21395274DADBA007E617B /* CancelBag.swift */ = {isa = PBXFileReference; lastKnownFileType = sourcecode.swift; path = CancelBag.swift; sourceTree = "<group>"; };
/* End PBXFileReference section */

/* Begin PBXFrameworksBuildPhase section */
		5A741FE8274D583D0046D407 /* Frameworks */ = {
			isa = PBXFrameworksBuildPhase;
			buildActionMask = 2147483647;
			files = (
			);
			runOnlyForDeploymentPostprocessing = 0;
		};
		5A741FF8274D583E0046D407 /* Frameworks */ = {
			isa = PBXFrameworksBuildPhase;
			buildActionMask = 2147483647;
			files = (
			);
			runOnlyForDeploymentPostprocessing = 0;
		};
		5A742002274D583E0046D407 /* Frameworks */ = {
			isa = PBXFrameworksBuildPhase;
			buildActionMask = 2147483647;
			files = (
			);
			runOnlyForDeploymentPostprocessing = 0;
		};
/* End PBXFrameworksBuildPhase section */

/* Begin PBXGroup section */
		5A741FE2274D583D0046D407 = {
			isa = PBXGroup;
			children = (
				5A741FED274D583D0046D407 /* universities */,
				5A741FFE274D583E0046D407 /* universitiesTests */,
				5A742008274D583E0046D407 /* universitiesUITests */,
				5A741FEC274D583D0046D407 /* Products */,
			);
			sourceTree = "<group>";
		};
		5A741FEC274D583D0046D407 /* Products */ = {
			isa = PBXGroup;
			children = (
				5A741FEB274D583D0046D407 /* universities.app */,
				5A741FFB274D583E0046D407 /* universitiesTests.xctest */,
				5A742005274D583E0046D407 /* universitiesUITests.xctest */,
			);
			name = Products;
			sourceTree = "<group>";
		};
		5A741FED274D583D0046D407 /* universities */ = {
			isa = PBXGroup;
			children = (
				5A74203D274DA62F0046D407 /* Info.plist */,
				5A742036274D71870046D407 /* ViewModels */,
				5A742035274D717F0046D407 /* Views */,
				5A742033274D6EC60046D407 /* Enviroment */,
				5A74202E274D6E140046D407 /* Configuration */,
				5A742028274D6A010046D407 /* Extensions */,
				5A74201A274D65900046D407 /* Network */,
				5A741FEE274D583D0046D407 /* universitiesApp.swift */,
				5A742018274D65780046D407 /* Models */,
				5A741FF2274D583E0046D407 /* Assets.xcassets */,
				5A741FF4274D583E0046D407 /* Preview Content */,
			);
			path = universities;
			sourceTree = "<group>";
		};
		5A741FF4274D583E0046D407 /* Preview Content */ = {
			isa = PBXGroup;
			children = (
				5A741FF5274D583E0046D407 /* Preview Assets.xcassets */,
			);
			path = "Preview Content";
			sourceTree = "<group>";
		};
		5A741FFE274D583E0046D407 /* universitiesTests */ = {
			isa = PBXGroup;
			children = (
				5A741FFF274D583E0046D407 /* universitiesTests.swift */,
			);
			path = universitiesTests;
			sourceTree = "<group>";
		};
		5A742008274D583E0046D407 /* universitiesUITests */ = {
			isa = PBXGroup;
			children = (
				5A742009274D583E0046D407 /* universitiesUITests.swift */,
				5A74200B274D583E0046D407 /* universitiesUITestsLaunchTests.swift */,
			);
			path = universitiesUITests;
			sourceTree = "<group>";
		};
		5A742018274D65780046D407 /* Models */ = {
			isa = PBXGroup;
			children = (
				5A742022274D67F10046D407 /* UniversityDTO.swift */,
				5A9B3694274DAAAD00A8C571 /* AppError.swift */,
				5AB21395274DADBA007E617B /* CancelBag.swift */,
			);
			path = Models;
			sourceTree = "<group>";
		};
		5A742019274D657E0046D407 /* Services */ = {
			isa = PBXGroup;
			children = (
				5A742029274D6CF20046D407 /* UniversityService.swift */,
			);
			path = Services;
			sourceTree = "<group>";
		};
		5A74201A274D65900046D407 /* Network */ = {
			isa = PBXGroup;
			children = (
				5A74201C274D66240046D407 /* Commons */,
				5A74201B274D65F90046D407 /* Providers */,
				5A742019274D657E0046D407 /* Services */,
			);
			path = Network;
			sourceTree = "<group>";
		};
		5A74201B274D65F90046D407 /* Providers */ = {
			isa = PBXGroup;
			children = (
				5A74202C274D6D4B0046D407 /* UniversitiesProvider.swift */,
			);
			path = Providers;
			sourceTree = "<group>";
		};
		5A74201C274D66240046D407 /* Commons */ = {
			isa = PBXGroup;
			children = (
				5A74201D274D663E0046D407 /* AppTargetType.swift */,
				5A742020274D66A20046D407 /* NetworkProvider.swift */,
			);
			path = Commons;
			sourceTree = "<group>";
		};
		5A742028274D6A010046D407 /* Extensions */ = {
			isa = PBXGroup;
			children = (
			);
			path = Extensions;
			sourceTree = "<group>";
		};
		5A74202E274D6E140046D407 /* Configuration */ = {
			isa = PBXGroup;
			children = (
				5A74202F274D6E290046D407 /* CoreApp.swift */,
				5A742031274D6E630046D407 /* NetworkSettings.swift */,
			);
			path = Configuration;
			sourceTree = "<group>";
		};
		5A742033274D6EC60046D407 /* Enviroment */ = {
			isa = PBXGroup;
			children = (
				5A742034274D6EE70046D407 /* develop.xcconfig */,
			);
			path = Enviroment;
			sourceTree = "<group>";
		};
		5A742035274D717F0046D407 /* Views */ = {
			isa = PBXGroup;
			children = (
				5A741FF0274D583D0046D407 /* ContentView.swift */,
			);
			path = Views;
			sourceTree = "<group>";
		};
		5A742036274D71870046D407 /* ViewModels */ = {
			isa = PBXGroup;
			children = (
				5A742037274D71CA0046D407 /* UniversitiesViewModel.swift */,
			);
			path = ViewModels;
			sourceTree = "<group>";
		};
/* End PBXGroup section */

/* Begin PBXNativeTarget section */
		5A741FEA274D583D0046D407 /* universities */ = {
			isa = PBXNativeTarget;
			buildConfigurationList = 5A74200F274D583E0046D407 /* Build configuration list for PBXNativeTarget "universities" */;
			buildPhases = (
				5A741FE7274D583D0046D407 /* Sources */,
				5A741FE8274D583D0046D407 /* Frameworks */,
				5A741FE9274D583D0046D407 /* Resources */,
			);
			buildRules = (
			);
			dependencies = (
			);
			name = universities;
			productName = universities;
			productReference = 5A741FEB274D583D0046D407 /* universities.app */;
			productType = "com.apple.product-type.application";
		};
		5A741FFA274D583E0046D407 /* universitiesTests */ = {
			isa = PBXNativeTarget;
			buildConfigurationList = 5A742012274D583E0046D407 /* Build configuration list for PBXNativeTarget "universitiesTests" */;
			buildPhases = (
				5A741FF7274D583E0046D407 /* Sources */,
				5A741FF8274D583E0046D407 /* Frameworks */,
				5A741FF9274D583E0046D407 /* Resources */,
			);
			buildRules = (
			);
			dependencies = (
				5A741FFD274D583E0046D407 /* PBXTargetDependency */,
			);
			name = universitiesTests;
			productName = universitiesTests;
			productReference = 5A741FFB274D583E0046D407 /* universitiesTests.xctest */;
			productType = "com.apple.product-type.bundle.unit-test";
		};
		5A742004274D583E0046D407 /* universitiesUITests */ = {
			isa = PBXNativeTarget;
			buildConfigurationList = 5A742015274D583E0046D407 /* Build configuration list for PBXNativeTarget "universitiesUITests" */;
			buildPhases = (
				5A742001274D583E0046D407 /* Sources */,
				5A742002274D583E0046D407 /* Frameworks */,
				5A742003274D583E0046D407 /* Resources */,
			);
			buildRules = (
			);
			dependencies = (
				5A742007274D583E0046D407 /* PBXTargetDependency */,
			);
			name = universitiesUITests;
			productName = universitiesUITests;
			productReference = 5A742005274D583E0046D407 /* universitiesUITests.xctest */;
			productType = "com.apple.product-type.bundle.ui-testing";
		};
/* End PBXNativeTarget section */

/* Begin PBXProject section */
		5A741FE3274D583D0046D407 /* Project object */ = {
			isa = PBXProject;
			attributes = {
				BuildIndependentTargetsInParallel = 1;
				LastSwiftUpdateCheck = 1310;
				LastUpgradeCheck = 1310;
				TargetAttributes = {
					5A741FEA274D583D0046D407 = {
						CreatedOnToolsVersion = 13.1;
					};
					5A741FFA274D583E0046D407 = {
						CreatedOnToolsVersion = 13.1;
						TestTargetID = 5A741FEA274D583D0046D407;
					};
					5A742004274D583E0046D407 = {
						CreatedOnToolsVersion = 13.1;
						TestTargetID = 5A741FEA274D583D0046D407;
					};
				};
			};
			buildConfigurationList = 5A741FE6274D583D0046D407 /* Build configuration list for PBXProject "universities" */;
			compatibilityVersion = "Xcode 13.0";
			developmentRegion = en;
			hasScannedForEncodings = 0;
			knownRegions = (
				en,
				Base,
			);
			mainGroup = 5A741FE2274D583D0046D407;
			productRefGroup = 5A741FEC274D583D0046D407 /* Products */;
			projectDirPath = "";
			projectRoot = "";
			targets = (
				5A741FEA274D583D0046D407 /* universities */,
				5A741FFA274D583E0046D407 /* universitiesTests */,
				5A742004274D583E0046D407 /* universitiesUITests */,
			);
		};
/* End PBXProject section */

/* Begin PBXResourcesBuildPhase section */
		5A741FE9274D583D0046D407 /* Resources */ = {
			isa = PBXResourcesBuildPhase;
			buildActionMask = 2147483647;
			files = (
				5A741FF6274D583E0046D407 /* Preview Assets.xcassets in Resources */,
				5A741FF3274D583E0046D407 /* Assets.xcassets in Resources */,
			);
			runOnlyForDeploymentPostprocessing = 0;
		};
		5A741FF9274D583E0046D407 /* Resources */ = {
			isa = PBXResourcesBuildPhase;
			buildActionMask = 2147483647;
			files = (
			);
			runOnlyForDeploymentPostprocessing = 0;
		};
		5A742003274D583E0046D407 /* Resources */ = {
			isa = PBXResourcesBuildPhase;
			buildActionMask = 2147483647;
			files = (
			);
			runOnlyForDeploymentPostprocessing = 0;
		};
/* End PBXResourcesBuildPhase section */

/* Begin PBXSourcesBuildPhase section */
		5A741FE7274D583D0046D407 /* Sources */ = {
			isa = PBXSourcesBuildPhase;
			buildActionMask = 2147483647;
			files = (
				B5018A9C274D65AA0019145D /* ListItem.swift in Sources */,
				5A741FF1274D583D0046D407 /* ContentView.swift in Sources */,
				5A742023274D67F10046D407 /* UniversityDTO.swift in Sources */,
				5AB21396274DADBA007E617B /* CancelBag.swift in Sources */,
				5A742030274D6E290046D407 /* CoreApp.swift in Sources */,
				5A74202D274D6D4B0046D407 /* UniversitiesProvider.swift in Sources */,
				5A742021274D66A20046D407 /* NetworkProvider.swift in Sources */,
				5A74202A274D6CF20046D407 /* UniversityService.swift in Sources */,
				5A741FEF274D583D0046D407 /* universitiesApp.swift in Sources */,
				5A74201E274D663E0046D407 /* AppTargetType.swift in Sources */,
				5A9B3695274DAAAD00A8C571 /* AppError.swift in Sources */,
				5A742038274D71CA0046D407 /* UniversitiesViewModel.swift in Sources */,
				5A742032274D6E630046D407 /* NetworkSettings.swift in Sources */,
			);
			runOnlyForDeploymentPostprocessing = 0;
		};
		5A741FF7274D583E0046D407 /* Sources */ = {
			isa = PBXSourcesBuildPhase;
			buildActionMask = 2147483647;
			files = (
				5A742000274D583E0046D407 /* universitiesTests.swift in Sources */,
			);
			runOnlyForDeploymentPostprocessing = 0;
		};
		5A742001274D583E0046D407 /* Sources */ = {
			isa = PBXSourcesBuildPhase;
			buildActionMask = 2147483647;
			files = (
				5A74200C274D583E0046D407 /* universitiesUITestsLaunchTests.swift in Sources */,
				5A74200A274D583E0046D407 /* universitiesUITests.swift in Sources */,
			);
			runOnlyForDeploymentPostprocessing = 0;
		};
/* End PBXSourcesBuildPhase section */

/* Begin PBXTargetDependency section */
		5A741FFD274D583E0046D407 /* PBXTargetDependency */ = {
			isa = PBXTargetDependency;
			target = 5A741FEA274D583D0046D407 /* universities */;
			targetProxy = 5A741FFC274D583E0046D407 /* PBXContainerItemProxy */;
		};
		5A742007274D583E0046D407 /* PBXTargetDependency */ = {
			isa = PBXTargetDependency;
			target = 5A741FEA274D583D0046D407 /* universities */;
			targetProxy = 5A742006274D583E0046D407 /* PBXContainerItemProxy */;
		};
/* End PBXTargetDependency section */

/* Begin XCBuildConfiguration section */
		5A74200D274D583E0046D407 /* Debug */ = {
			isa = XCBuildConfiguration;
			buildSettings = {
				ALWAYS_SEARCH_USER_PATHS = NO;
				CLANG_ANALYZER_NONNULL = YES;
				CLANG_ANALYZER_NUMBER_OBJECT_CONVERSION = YES_AGGRESSIVE;
				CLANG_CXX_LANGUAGE_STANDARD = "gnu++17";
				CLANG_CXX_LIBRARY = "libc++";
				CLANG_ENABLE_MODULES = YES;
				CLANG_ENABLE_OBJC_ARC = YES;
				CLANG_ENABLE_OBJC_WEAK = YES;
				CLANG_WARN_BLOCK_CAPTURE_AUTORELEASING = YES;
				CLANG_WARN_BOOL_CONVERSION = YES;
				CLANG_WARN_COMMA = YES;
				CLANG_WARN_CONSTANT_CONVERSION = YES;
				CLANG_WARN_DEPRECATED_OBJC_IMPLEMENTATIONS = YES;
				CLANG_WARN_DIRECT_OBJC_ISA_USAGE = YES_ERROR;
				CLANG_WARN_DOCUMENTATION_COMMENTS = YES;
				CLANG_WARN_EMPTY_BODY = YES;
				CLANG_WARN_ENUM_CONVERSION = YES;
				CLANG_WARN_INFINITE_RECURSION = YES;
				CLANG_WARN_INT_CONVERSION = YES;
				CLANG_WARN_NON_LITERAL_NULL_CONVERSION = YES;
				CLANG_WARN_OBJC_IMPLICIT_RETAIN_SELF = YES;
				CLANG_WARN_OBJC_LITERAL_CONVERSION = YES;
				CLANG_WARN_OBJC_ROOT_CLASS = YES_ERROR;
				CLANG_WARN_QUOTED_INCLUDE_IN_FRAMEWORK_HEADER = YES;
				CLANG_WARN_RANGE_LOOP_ANALYSIS = YES;
				CLANG_WARN_STRICT_PROTOTYPES = YES;
				CLANG_WARN_SUSPICIOUS_MOVE = YES;
				CLANG_WARN_UNGUARDED_AVAILABILITY = YES_AGGRESSIVE;
				CLANG_WARN_UNREACHABLE_CODE = YES;
				CLANG_WARN__DUPLICATE_METHOD_MATCH = YES;
				COPY_PHASE_STRIP = NO;
				DEBUG_INFORMATION_FORMAT = dwarf;
				ENABLE_STRICT_OBJC_MSGSEND = YES;
				ENABLE_TESTABILITY = YES;
				GCC_C_LANGUAGE_STANDARD = gnu11;
				GCC_DYNAMIC_NO_PIC = NO;
				GCC_NO_COMMON_BLOCKS = YES;
				GCC_OPTIMIZATION_LEVEL = 0;
				GCC_PREPROCESSOR_DEFINITIONS = (
					"DEBUG=1",
					"$(inherited)",
				);
				GCC_WARN_64_TO_32_BIT_CONVERSION = YES;
				GCC_WARN_ABOUT_RETURN_TYPE = YES_ERROR;
				GCC_WARN_UNDECLARED_SELECTOR = YES;
				GCC_WARN_UNINITIALIZED_AUTOS = YES_AGGRESSIVE;
				GCC_WARN_UNUSED_FUNCTION = YES;
				GCC_WARN_UNUSED_VARIABLE = YES;
				IPHONEOS_DEPLOYMENT_TARGET = 15.0;
				MTL_ENABLE_DEBUG_INFO = INCLUDE_SOURCE;
				MTL_FAST_MATH = YES;
				ONLY_ACTIVE_ARCH = YES;
				SDKROOT = iphoneos;
				SWIFT_ACTIVE_COMPILATION_CONDITIONS = DEBUG;
				SWIFT_OPTIMIZATION_LEVEL = "-Onone";
			};
			name = Debug;
		};
		5A74200E274D583E0046D407 /* Release */ = {
			isa = XCBuildConfiguration;
			buildSettings = {
				ALWAYS_SEARCH_USER_PATHS = NO;
				CLANG_ANALYZER_NONNULL = YES;
				CLANG_ANALYZER_NUMBER_OBJECT_CONVERSION = YES_AGGRESSIVE;
				CLANG_CXX_LANGUAGE_STANDARD = "gnu++17";
				CLANG_CXX_LIBRARY = "libc++";
				CLANG_ENABLE_MODULES = YES;
				CLANG_ENABLE_OBJC_ARC = YES;
				CLANG_ENABLE_OBJC_WEAK = YES;
				CLANG_WARN_BLOCK_CAPTURE_AUTORELEASING = YES;
				CLANG_WARN_BOOL_CONVERSION = YES;
				CLANG_WARN_COMMA = YES;
				CLANG_WARN_CONSTANT_CONVERSION = YES;
				CLANG_WARN_DEPRECATED_OBJC_IMPLEMENTATIONS = YES;
				CLANG_WARN_DIRECT_OBJC_ISA_USAGE = YES_ERROR;
				CLANG_WARN_DOCUMENTATION_COMMENTS = YES;
				CLANG_WARN_EMPTY_BODY = YES;
				CLANG_WARN_ENUM_CONVERSION = YES;
				CLANG_WARN_INFINITE_RECURSION = YES;
				CLANG_WARN_INT_CONVERSION = YES;
				CLANG_WARN_NON_LITERAL_NULL_CONVERSION = YES;
				CLANG_WARN_OBJC_IMPLICIT_RETAIN_SELF = YES;
				CLANG_WARN_OBJC_LITERAL_CONVERSION = YES;
				CLANG_WARN_OBJC_ROOT_CLASS = YES_ERROR;
				CLANG_WARN_QUOTED_INCLUDE_IN_FRAMEWORK_HEADER = YES;
				CLANG_WARN_RANGE_LOOP_ANALYSIS = YES;
				CLANG_WARN_STRICT_PROTOTYPES = YES;
				CLANG_WARN_SUSPICIOUS_MOVE = YES;
				CLANG_WARN_UNGUARDED_AVAILABILITY = YES_AGGRESSIVE;
				CLANG_WARN_UNREACHABLE_CODE = YES;
				CLANG_WARN__DUPLICATE_METHOD_MATCH = YES;
				COPY_PHASE_STRIP = NO;
				DEBUG_INFORMATION_FORMAT = "dwarf-with-dsym";
				ENABLE_NS_ASSERTIONS = NO;
				ENABLE_STRICT_OBJC_MSGSEND = YES;
				GCC_C_LANGUAGE_STANDARD = gnu11;
				GCC_NO_COMMON_BLOCKS = YES;
				GCC_WARN_64_TO_32_BIT_CONVERSION = YES;
				GCC_WARN_ABOUT_RETURN_TYPE = YES_ERROR;
				GCC_WARN_UNDECLARED_SELECTOR = YES;
				GCC_WARN_UNINITIALIZED_AUTOS = YES_AGGRESSIVE;
				GCC_WARN_UNUSED_FUNCTION = YES;
				GCC_WARN_UNUSED_VARIABLE = YES;
				IPHONEOS_DEPLOYMENT_TARGET = 15.0;
				MTL_ENABLE_DEBUG_INFO = NO;
				MTL_FAST_MATH = YES;
				SDKROOT = iphoneos;
				SWIFT_COMPILATION_MODE = wholemodule;
				SWIFT_OPTIMIZATION_LEVEL = "-O";
				VALIDATE_PRODUCT = YES;
			};
			name = Release;
		};
		5A742010274D583E0046D407 /* Debug */ = {
			isa = XCBuildConfiguration;
			buildSettings = {
				ASSETCATALOG_COMPILER_APPICON_NAME = AppIcon;
				ASSETCATALOG_COMPILER_GLOBAL_ACCENT_COLOR_NAME = AccentColor;
				CODE_SIGN_STYLE = Automatic;
				CURRENT_PROJECT_VERSION = 1;
				DEVELOPMENT_ASSET_PATHS = "\"universities/Preview Content\"";
				DEVELOPMENT_TEAM = FL6AUE9XT8;
				ENABLE_PREVIEWS = YES;
				GENERATE_INFOPLIST_FILE = YES;
				INFOPLIST_FILE = universities/Info.plist;
				INFOPLIST_KEY_UIApplicationSceneManifest_Generation = YES;
				INFOPLIST_KEY_UIApplicationSupportsIndirectInputEvents = YES;
				INFOPLIST_KEY_UILaunchScreen_Generation = YES;
				INFOPLIST_KEY_UISupportedInterfaceOrientations_iPad = "UIInterfaceOrientationPortrait UIInterfaceOrientationPortraitUpsideDown UIInterfaceOrientationLandscapeLeft UIInterfaceOrientationLandscapeRight";
				INFOPLIST_KEY_UISupportedInterfaceOrientations_iPhone = "UIInterfaceOrientationPortrait UIInterfaceOrientationLandscapeLeft UIInterfaceOrientationLandscapeRight";
				LD_RUNPATH_SEARCH_PATHS = (
					"$(inherited)",
					"@executable_path/Frameworks",
				);
				MARKETING_VERSION = 1.0;
				PRODUCT_BUNDLE_IDENTIFIER = com.jsaavedra.universities;
				PRODUCT_NAME = "$(TARGET_NAME)";
				SWIFT_EMIT_LOC_STRINGS = YES;
				SWIFT_VERSION = 5.0;
				TARGETED_DEVICE_FAMILY = "1,2";
			};
			name = Debug;
		};
		5A742011274D583E0046D407 /* Release */ = {
			isa = XCBuildConfiguration;
			buildSettings = {
				ASSETCATALOG_COMPILER_APPICON_NAME = AppIcon;
				ASSETCATALOG_COMPILER_GLOBAL_ACCENT_COLOR_NAME = AccentColor;
				CODE_SIGN_STYLE = Automatic;
				CURRENT_PROJECT_VERSION = 1;
				DEVELOPMENT_ASSET_PATHS = "\"universities/Preview Content\"";
				DEVELOPMENT_TEAM = FL6AUE9XT8;
				ENABLE_PREVIEWS = YES;
				GENERATE_INFOPLIST_FILE = YES;
				INFOPLIST_FILE = universities/Info.plist;
				INFOPLIST_KEY_UIApplicationSceneManifest_Generation = YES;
				INFOPLIST_KEY_UIApplicationSupportsIndirectInputEvents = YES;
				INFOPLIST_KEY_UILaunchScreen_Generation = YES;
				INFOPLIST_KEY_UISupportedInterfaceOrientations_iPad = "UIInterfaceOrientationPortrait UIInterfaceOrientationPortraitUpsideDown UIInterfaceOrientationLandscapeLeft UIInterfaceOrientationLandscapeRight";
				INFOPLIST_KEY_UISupportedInterfaceOrientations_iPhone = "UIInterfaceOrientationPortrait UIInterfaceOrientationLandscapeLeft UIInterfaceOrientationLandscapeRight";
				LD_RUNPATH_SEARCH_PATHS = (
					"$(inherited)",
					"@executable_path/Frameworks",
				);
				MARKETING_VERSION = 1.0;
				PRODUCT_BUNDLE_IDENTIFIER = com.jsaavedra.universities;
				PRODUCT_NAME = "$(TARGET_NAME)";
				SWIFT_EMIT_LOC_STRINGS = YES;
				SWIFT_VERSION = 5.0;
				TARGETED_DEVICE_FAMILY = "1,2";
			};
			name = Release;
		};
		5A742013274D583E0046D407 /* Debug */ = {
			isa = XCBuildConfiguration;
			buildSettings = {
				ALWAYS_EMBED_SWIFT_STANDARD_LIBRARIES = YES;
				BUNDLE_LOADER = "$(TEST_HOST)";
				CODE_SIGN_STYLE = Automatic;
				CURRENT_PROJECT_VERSION = 1;
				DEVELOPMENT_TEAM = D96SH88DG8;
				GENERATE_INFOPLIST_FILE = YES;
				IPHONEOS_DEPLOYMENT_TARGET = 15.0;
				LD_RUNPATH_SEARCH_PATHS = (
					"$(inherited)",
					"@executable_path/Frameworks",
					"@loader_path/Frameworks",
				);
				MARKETING_VERSION = 1.0;
				PRODUCT_BUNDLE_IDENTIFIER = com.jsaavedra.universitiesTests;
				PRODUCT_NAME = "$(TARGET_NAME)";
				SWIFT_EMIT_LOC_STRINGS = NO;
				SWIFT_VERSION = 5.0;
				TARGETED_DEVICE_FAMILY = "1,2";
				TEST_HOST = "$(BUILT_PRODUCTS_DIR)/universities.app/universities";
			};
			name = Debug;
		};
		5A742014274D583E0046D407 /* Release */ = {
			isa = XCBuildConfiguration;
			buildSettings = {
				ALWAYS_EMBED_SWIFT_STANDARD_LIBRARIES = YES;
				BUNDLE_LOADER = "$(TEST_HOST)";
				CODE_SIGN_STYLE = Automatic;
				CURRENT_PROJECT_VERSION = 1;
				DEVELOPMENT_TEAM = D96SH88DG8;
				GENERATE_INFOPLIST_FILE = YES;
				IPHONEOS_DEPLOYMENT_TARGET = 15.0;
				LD_RUNPATH_SEARCH_PATHS = (
					"$(inherited)",
					"@executable_path/Frameworks",
					"@loader_path/Frameworks",
				);
				MARKETING_VERSION = 1.0;
				PRODUCT_BUNDLE_IDENTIFIER = com.jsaavedra.universitiesTests;
				PRODUCT_NAME = "$(TARGET_NAME)";
				SWIFT_EMIT_LOC_STRINGS = NO;
				SWIFT_VERSION = 5.0;
				TARGETED_DEVICE_FAMILY = "1,2";
				TEST_HOST = "$(BUILT_PRODUCTS_DIR)/universities.app/universities";
			};
			name = Release;
		};
		5A742016274D583E0046D407 /* Debug */ = {
			isa = XCBuildConfiguration;
			buildSettings = {
				ALWAYS_EMBED_SWIFT_STANDARD_LIBRARIES = YES;
				CODE_SIGN_STYLE = Automatic;
				CURRENT_PROJECT_VERSION = 1;
				DEVELOPMENT_TEAM = D96SH88DG8;
				GENERATE_INFOPLIST_FILE = YES;
				LD_RUNPATH_SEARCH_PATHS = (
					"$(inherited)",
					"@executable_path/Frameworks",
					"@loader_path/Frameworks",
				);
				MARKETING_VERSION = 1.0;
				PRODUCT_BUNDLE_IDENTIFIER = com.jsaavedra.universitiesUITests;
				PRODUCT_NAME = "$(TARGET_NAME)";
				SWIFT_EMIT_LOC_STRINGS = NO;
				SWIFT_VERSION = 5.0;
				TARGETED_DEVICE_FAMILY = "1,2";
				TEST_TARGET_NAME = universities;
			};
			name = Debug;
		};
		5A742017274D583E0046D407 /* Release */ = {
			isa = XCBuildConfiguration;
			buildSettings = {
				ALWAYS_EMBED_SWIFT_STANDARD_LIBRARIES = YES;
				CODE_SIGN_STYLE = Automatic;
				CURRENT_PROJECT_VERSION = 1;
				DEVELOPMENT_TEAM = D96SH88DG8;
				GENERATE_INFOPLIST_FILE = YES;
				LD_RUNPATH_SEARCH_PATHS = (
					"$(inherited)",
					"@executable_path/Frameworks",
					"@loader_path/Frameworks",
				);
				MARKETING_VERSION = 1.0;
				PRODUCT_BUNDLE_IDENTIFIER = com.jsaavedra.universitiesUITests;
				PRODUCT_NAME = "$(TARGET_NAME)";
				SWIFT_EMIT_LOC_STRINGS = NO;
				SWIFT_VERSION = 5.0;
				TARGETED_DEVICE_FAMILY = "1,2";
				TEST_TARGET_NAME = universities;
			};
			name = Release;
		};
/* End XCBuildConfiguration section */

/* Begin XCConfigurationList section */
		5A741FE6274D583D0046D407 /* Build configuration list for PBXProject "universities" */ = {
			isa = XCConfigurationList;
			buildConfigurations = (
				5A74200D274D583E0046D407 /* Debug */,
				5A74200E274D583E0046D407 /* Release */,
			);
			defaultConfigurationIsVisible = 0;
			defaultConfigurationName = Release;
		};
		5A74200F274D583E0046D407 /* Build configuration list for PBXNativeTarget "universities" */ = {
			isa = XCConfigurationList;
			buildConfigurations = (
				5A742010274D583E0046D407 /* Debug */,
				5A742011274D583E0046D407 /* Release */,
			);
			defaultConfigurationIsVisible = 0;
			defaultConfigurationName = Release;
		};
		5A742012274D583E0046D407 /* Build configuration list for PBXNativeTarget "universitiesTests" */ = {
			isa = XCConfigurationList;
			buildConfigurations = (
				5A742013274D583E0046D407 /* Debug */,
				5A742014274D583E0046D407 /* Release */,
			);
			defaultConfigurationIsVisible = 0;
			defaultConfigurationName = Release;
		};
		5A742015274D583E0046D407 /* Build configuration list for PBXNativeTarget "universitiesUITests" */ = {
			isa = XCConfigurationList;
			buildConfigurations = (
				5A742016274D583E0046D407 /* Debug */,
				5A742017274D583E0046D407 /* Release */,
			);
			defaultConfigurationIsVisible = 0;
			defaultConfigurationName = Release;
		};
/* End XCConfigurationList section */
	};
	rootObject = 5A741FE3274D583D0046D407 /* Project object */;
}
